
Microsoft Visual Studio Solution File, Format Version 12.00
# Visual Studio Version 17
VisualStudioVersion = 17.0.31912.275
MinimumVisualStudioVersion = 10.0.40219.1
Project("{FAE04EC0-301F-11D3-BF4B-00C04F79EFBC}") = "Producer", "Producer\Producer.csproj", "{2C5A8259-C3B9-4F79-9199-70D646E3FFE8}"
EndProject
Project("{FAE04EC0-301F-11D3-BF4B-00C04F79EFBC}") = "Consumer", "Consumer\Consumer.csproj", "{5B1ACFE8-CB0F-48D7-9A51-F7A014C8EA6C}"
EndProject
Project("{FAE04EC0-301F-11D3-BF4B-00C04F79EFBC}") = "FunctionAppConsumer", "FunctionAppConsumer\FunctionAppConsumer.csproj", "{504DCF9A-8D33-4276-9AA6-CFA817140A03}"
EndProject
Project("{2150E333-8FDC-42A3-9474-1A3956D46DE8}") = "Docker", "Docker", "{70B6F8C2-7C09-4997-9BB0-4AB74CD98401}"
	ProjectSection(SolutionItems) = preProject
		Docker\definitions.json = Docker\definitions.json
		Docker\docker-compose.yml = Docker\docker-compose.yml
		Docker\Dockerfile = Docker\Dockerfile
		Leiame.txt = Leiame.txt
		Docker\rabbitmq.conf = Docker\rabbitmq.conf
	EndProjectSection
EndProject
Global
	GlobalSection(SolutionConfigurationPlatforms) = preSolution
		Debug|Any CPU = Debug|Any CPU
		Release|Any CPU = Release|Any CPU
	EndGlobalSection
	GlobalSection(ProjectConfigurationPlatforms) = postSolution
		{2C5A8259-C3B9-4F79-9199-70D646E3FFE8}.Debug|Any CPU.ActiveCfg = Debug|Any CPU
		{2C5A8259-C3B9-4F79-9199-70D646E3FFE8}.Debug|Any CPU.Build.0 = Debug|Any CPU
		{2C5A8259-C3B9-4F79-9199-70D646E3FFE8}.Release|Any CPU.ActiveCfg = Release|Any CPU
		{2C5A8259-C3B9-4F79-9199-70D646E3FFE8}.Release|Any CPU.Build.0 = Release|Any CPU
		{5B1ACFE8-CB0F-48D7-9A51-F7A014C8EA6C}.Debug|Any CPU.ActiveCfg = Debug|Any CPU
		{5B1ACFE8-CB0F-48D7-9A51-F7A014C8EA6C}.Debug|Any CPU.Build.0 = Debug|Any CPU
		{5B1ACFE8-CB0F-48D7-9A51-F7A014C8EA6C}.Release|Any CPU.ActiveCfg = Release|Any CPU
		{5B1ACFE8-CB0F-48D7-9A51-F7A014C8EA6C}.Release|Any CPU.Build.0 = Release|Any CPU
		{504DCF9A-8D33-4276-9AA6-CFA817140A03}.Debug|Any CPU.ActiveCfg = Debug|Any CPU
		{504DCF9A-8D33-4276-9AA6-CFA817140A03}.Debug|Any CPU.Build.0 = Debug|Any CPU
		{504DCF9A-8D33-4276-9AA6-CFA817140A03}.Release|Any CPU.ActiveCfg = Release|Any CPU
		{504DCF9A-8D33-4276-9AA6-CFA817140A03}.Release|Any CPU.Build.0 = Release|Any CPU
	EndGlobalSection
	GlobalSection(SolutionProperties) = preSolution
		HideSolutionNode = FALSE
	EndGlobalSection
	GlobalSection(ExtensibilityGlobals) = postSolution
		SolutionGuid = {ECBE1453-79C5-422E-B277-8450BEA308DF}
	EndGlobalSection
EndGlobal
